
Microsoft Visual Studio Solution File, Format Version 12.00
# Visual Studio Version 17
VisualStudioVersion = 17.2.32526.322
MinimumVisualStudioVersion = 10.0.40219.1
Project("{FAE04EC0-301F-11D3-BF4B-00C04F79EFBC}") = "azsdk.dotnet.sample", "azsdk.dotnet.sample.csproj", "{A6CED606-4799-46BD-9752-6F4496792B6B}"
EndProject
Global
	GlobalSection(SolutionConfigurationPlatforms) = preSolution
		Debug|Any CPU = Debug|Any CPU
		Release|Any CPU = Release|Any CPU
	EndGlobalSection
	GlobalSection(ProjectConfigurationPlatforms) = postSolution
		{A6CED606-4799-46BD-9752-6F4496792B6B}.Debug|Any CPU.ActiveCfg = Debug|Any CPU
		{A6CED606-4799-46BD-9752-6F4496792B6B}.Debug|Any CPU.Build.0 = Debug|Any CPU
		{A6CED606-4799-46BD-9752-6F4496792B6B}.Release|Any CPU.ActiveCfg = Release|Any CPU
		{A6CED606-4799-46BD-9752-6F4496792B6B}.Release|Any CPU.Build.0 = Release|Any CPU
	EndGlobalSection
	GlobalSection(SolutionProperties) = preSolution
		HideSolutionNode = FALSE
	EndGlobalSection
	GlobalSection(ExtensibilityGlobals) = postSolution
		SolutionGuid = {B2BF84A7-0449-432B-BFF6-3B3F0F3CFD1C}
	EndGlobalSection
EndGlobal
